
Microsoft Visual Studio Solution File, Format Version 12.00
# Visual Studio Version 17
VisualStudioVersion = 17.5.33627.172
MinimumVisualStudioVersion = 10.0.40219.1
Project("{9A19103F-16F7-4668-BE54-9A1E7A4F7556}") = "P01.SmallestOfThreeNumbers", "P01.SmallestOfThreeNumbers\P01.SmallestOfThreeNumbers.csproj", "{26301598-7536-46AD-ABA8-29353BABC8D4}"
EndProject
Project("{9A19103F-16F7-4668-BE54-9A1E7A4F7556}") = "P02.VowelsCount", "P02.VowelsCount\P02.VowelsCount.csproj", "{C547A929-3D15-4CA2-B8D8-1241CC1F2218}"
EndProject
Project("{9A19103F-16F7-4668-BE54-9A1E7A4F7556}") = "P03.CharactersInRange", "P03.CharactersInRange\P03.CharactersInRange.csproj", "{B1578755-0E52-4CC0-BB51-FE6FC55556C6}"
EndProject
Project("{9A19103F-16F7-4668-BE54-9A1E7A4F7556}") = "P04.PasswordValidator", "P04.PasswordValidator\P04.PasswordValidator.csproj", "{D0EC4F0B-D712-404C-B678-BD678F6ECE7D}"
EndProject
Project("{9A19103F-16F7-4668-BE54-9A1E7A4F7556}") = "P05.AddAndSubtract", "P05.AddAndSubtract\P05.AddAndSubtract.csproj", "{98E08E21-B4C7-44F9-84FC-CAC61DDF89A4}"
EndProject
Project("{9A19103F-16F7-4668-BE54-9A1E7A4F7556}") = "P06.MiddleCharacters", "P06.MiddleCharacters\P06.MiddleCharacters.csproj", "{8E188331-2A9B-4384-9F79-2B8CB78A583A}"
EndProject
Project("{9A19103F-16F7-4668-BE54-9A1E7A4F7556}") = "P07.NxNMatrix", "P07.NxNMatrix\P07.NxNMatrix.csproj", "{DA3CA703-791D-4648-A78D-A14C327533A8}"
EndProject
Project("{9A19103F-16F7-4668-BE54-9A1E7A4F7556}") = "P08.FactorialDivision", "P08.FactorialDivision\P08.FactorialDivision.csproj", "{7F2FB70D-0323-420D-A1C4-2ADCBEF9C4FB}"
EndProject
Project("{9A19103F-16F7-4668-BE54-9A1E7A4F7556}") = "P09.PalindromeIntegers", "P09.PalindromeIntegers\P09.PalindromeIntegers.csproj", "{F76DF716-82F2-49DA-84AC-94B33D470EF5}"
EndProject
Project("{9A19103F-16F7-4668-BE54-9A1E7A4F7556}") = "P10.TopNumber", "P10.TopNumber\P10.TopNumber.csproj", "{CAE1B2D9-BEFF-438E-A8E4-29A61521744C}"
EndProject
Project("{FAE04EC0-301F-11D3-BF4B-00C04F79EFBC}") = "P01.DataTypes", "P01.DataTypes\P01.DataTypes.csproj", "{65F08AB4-FB47-4148-84A0-65D7B2EA20BE}"
EndProject
Project("{FAE04EC0-301F-11D3-BF4B-00C04F79EFBC}") = "P02.CenterPoint", "P02.CenterPoint\P02.CenterPoint.csproj", "{C0B82A5C-4A0E-44E9-A39E-4A5DD8903981}"
EndProject
Project("{FAE04EC0-301F-11D3-BF4B-00C04F79EFBC}") = "P04.TribonacciSequence", "P04.TribonacciSequence\P04.TribonacciSequence.csproj", "{CABB8A33-62BB-4105-8A80-544D8FEA55F1}"
EndProject
Global
	GlobalSection(SolutionConfigurationPlatforms) = preSolution
		Debug|Any CPU = Debug|Any CPU
		Release|Any CPU = Release|Any CPU
	EndGlobalSection
	GlobalSection(ProjectConfigurationPlatforms) = postSolution
		{26301598-7536-46AD-ABA8-29353BABC8D4}.Debug|Any CPU.ActiveCfg = Debug|Any CPU
		{26301598-7536-46AD-ABA8-29353BABC8D4}.Debug|Any CPU.Build.0 = Debug|Any CPU
		{26301598-7536-46AD-ABA8-29353BABC8D4}.Release|Any CPU.ActiveCfg = Release|Any CPU
		{26301598-7536-46AD-ABA8-29353BABC8D4}.Release|Any CPU.Build.0 = Release|Any CPU
		{C547A929-3D15-4CA2-B8D8-1241CC1F2218}.Debug|Any CPU.ActiveCfg = Debug|Any CPU
		{C547A929-3D15-4CA2-B8D8-1241CC1F2218}.Debug|Any CPU.Build.0 = Debug|Any CPU
		{C547A929-3D15-4CA2-B8D8-1241CC1F2218}.Release|Any CPU.ActiveCfg = Release|Any CPU
		{C547A929-3D15-4CA2-B8D8-1241CC1F2218}.Release|Any CPU.Build.0 = Release|Any CPU
		{B1578755-0E52-4CC0-BB51-FE6FC55556C6}.Debug|Any CPU.ActiveCfg = Debug|Any CPU
		{B1578755-0E52-4CC0-BB51-FE6FC55556C6}.Debug|Any CPU.Build.0 = Debug|Any CPU
		{B1578755-0E52-4CC0-BB51-FE6FC55556C6}.Release|Any CPU.ActiveCfg = Release|Any CPU
		{B1578755-0E52-4CC0-BB51-FE6FC55556C6}.Release|Any CPU.Build.0 = Release|Any CPU
		{D0EC4F0B-D712-404C-B678-BD678F6ECE7D}.Debug|Any CPU.ActiveCfg = Debug|Any CPU
		{D0EC4F0B-D712-404C-B678-BD678F6ECE7D}.Debug|Any CPU.Build.0 = Debug|Any CPU
		{D0EC4F0B-D712-404C-B678-BD678F6ECE7D}.Release|Any CPU.ActiveCfg = Release|Any CPU
		{D0EC4F0B-D712-404C-B678-BD678F6ECE7D}.Release|Any CPU.Build.0 = Release|Any CPU
		{98E08E21-B4C7-44F9-84FC-CAC61DDF89A4}.Debug|Any CPU.ActiveCfg = Debug|Any CPU
		{98E08E21-B4C7-44F9-84FC-CAC61DDF89A4}.Debug|Any CPU.Build.0 = Debug|Any CPU
		{98E08E21-B4C7-44F9-84FC-CAC61DDF89A4}.Release|Any CPU.ActiveCfg = Release|Any CPU
		{98E08E21-B4C7-44F9-84FC-CAC61DDF89A4}.Release|Any CPU.Build.0 = Release|Any CPU
		{8E188331-2A9B-4384-9F79-2B8CB78A583A}.Debug|Any CPU.ActiveCfg = Debug|Any CPU
		{8E188331-2A9B-4384-9F79-2B8CB78A583A}.Debug|Any CPU.Build.0 = Debug|Any CPU
		{8E188331-2A9B-4384-9F79-2B8CB78A583A}.Release|Any CPU.ActiveCfg = Release|Any CPU
		{8E188331-2A9B-4384-9F79-2B8CB78A583A}.Release|Any CPU.Build.0 = Release|Any CPU
		{DA3CA703-791D-4648-A78D-A14C327533A8}.Debug|Any CPU.ActiveCfg = Debug|Any CPU
		{DA3CA703-791D-4648-A78D-A14C327533A8}.Debug|Any CPU.Build.0 = Debug|Any CPU
		{DA3CA703-791D-4648-A78D-A14C327533A8}.Release|Any CPU.ActiveCfg = Release|Any CPU
		{DA3CA703-791D-4648-A78D-A14C327533A8}.Release|Any CPU.Build.0 = Release|Any CPU
		{7F2FB70D-0323-420D-A1C4-2ADCBEF9C4FB}.Debug|Any CPU.ActiveCfg = Debug|Any CPU
		{7F2FB70D-0323-420D-A1C4-2ADCBEF9C4FB}.Debug|Any CPU.Build.0 = Debug|Any CPU
		{7F2FB70D-0323-420D-A1C4-2ADCBEF9C4FB}.Release|Any CPU.ActiveCfg = Release|Any CPU
		{7F2FB70D-0323-420D-A1C4-2ADCBEF9C4FB}.Release|Any CPU.Build.0 = Release|Any CPU
		{F76DF716-82F2-49DA-84AC-94B33D470EF5}.Debug|Any CPU.ActiveCfg = Debug|Any CPU
		{F76DF716-82F2-49DA-84AC-94B33D470EF5}.Debug|Any CPU.Build.0 = Debug|Any CPU
		{F76DF716-82F2-49DA-84AC-94B33D470EF5}.Release|Any CPU.ActiveCfg = Release|Any CPU
		{F76DF716-82F2-49DA-84AC-94B33D470EF5}.Release|Any CPU.Build.0 = Release|Any CPU
		{CAE1B2D9-BEFF-438E-A8E4-29A61521744C}.Debug|Any CPU.ActiveCfg = Debug|Any CPU
		{CAE1B2D9-BEFF-438E-A8E4-29A61521744C}.Debug|Any CPU.Build.0 = Debug|Any CPU
		{CAE1B2D9-BEFF-438E-A8E4-29A61521744C}.Release|Any CPU.ActiveCfg = Release|Any CPU
		{CAE1B2D9-BEFF-438E-A8E4-29A61521744C}.Release|Any CPU.Build.0 = Release|Any CPU
		{65F08AB4-FB47-4148-84A0-65D7B2EA20BE}.Debug|Any CPU.ActiveCfg = Debug|Any CPU
		{65F08AB4-FB47-4148-84A0-65D7B2EA20BE}.Debug|Any CPU.Build.0 = Debug|Any CPU
		{65F08AB4-FB47-4148-84A0-65D7B2EA20BE}.Release|Any CPU.ActiveCfg = Release|Any CPU
		{65F08AB4-FB47-4148-84A0-65D7B2EA20BE}.Release|Any CPU.Build.0 = Release|Any CPU
		{C0B82A5C-4A0E-44E9-A39E-4A5DD8903981}.Debug|Any CPU.ActiveCfg = Debug|Any CPU
		{C0B82A5C-4A0E-44E9-A39E-4A5DD8903981}.Debug|Any CPU.Build.0 = Debug|Any CPU
		{C0B82A5C-4A0E-44E9-A39E-4A5DD8903981}.Release|Any CPU.ActiveCfg = Release|Any CPU
		{C0B82A5C-4A0E-44E9-A39E-4A5DD8903981}.Release|Any CPU.Build.0 = Release|Any CPU
		{CABB8A33-62BB-4105-8A80-544D8FEA55F1}.Debug|Any CPU.ActiveCfg = Debug|Any CPU
		{CABB8A33-62BB-4105-8A80-544D8FEA55F1}.Debug|Any CPU.Build.0 = Debug|Any CPU
		{CABB8A33-62BB-4105-8A80-544D8FEA55F1}.Release|Any CPU.ActiveCfg = Release|Any CPU
		{CABB8A33-62BB-4105-8A80-544D8FEA55F1}.Release|Any CPU.Build.0 = Release|Any CPU
	EndGlobalSection
	GlobalSection(SolutionProperties) = preSolution
		HideSolutionNode = FALSE
	EndGlobalSection
	GlobalSection(ExtensibilityGlobals) = postSolution
		SolutionGuid = {20DD5536-74E0-4D6B-B582-8CD493D5401E}
	EndGlobalSection
EndGlobal
